
Microsoft Visual Studio Solution File, Format Version 12.00
# Visual Studio Version 17
VisualStudioVersion = 17.0.32112.339
MinimumVisualStudioVersion = 10.0.40219.1
Project("{9A19103F-16F7-4668-BE54-9A1E7A4F7556}") = "T01. Furniture", "T01. Furniture\T01. Furniture.csproj", "{4F4E9F2A-9E92-4B97-94AE-34A357E83654}"
EndProject
Project("{9A19103F-16F7-4668-BE54-9A1E7A4F7556}") = "T02. Race", "T02. Race\T02. Race.csproj", "{ADAF859D-1CBC-4F59-9865-F1A6998F6A33}"
EndProject
Project("{FAE04EC0-301F-11D3-BF4B-00C04F79EFBC}") = "Demo", "Demo\Demo.csproj", "{49C29928-39AA-4A2A-B993-0B24100F0A10}"
EndProject
Global
	GlobalSection(SolutionConfigurationPlatforms) = preSolution
		Debug|Any CPU = Debug|Any CPU
		Release|Any CPU = Release|Any CPU
	EndGlobalSection
	GlobalSection(ProjectConfigurationPlatforms) = postSolution
		{4F4E9F2A-9E92-4B97-94AE-34A357E83654}.Debug|Any CPU.ActiveCfg = Debug|Any CPU
		{4F4E9F2A-9E92-4B97-94AE-34A357E83654}.Debug|Any CPU.Build.0 = Debug|Any CPU
		{4F4E9F2A-9E92-4B97-94AE-34A357E83654}.Release|Any CPU.ActiveCfg = Release|Any CPU
		{4F4E9F2A-9E92-4B97-94AE-34A357E83654}.Release|Any CPU.Build.0 = Release|Any CPU
		{ADAF859D-1CBC-4F59-9865-F1A6998F6A33}.Debug|Any CPU.ActiveCfg = Debug|Any CPU
		{ADAF859D-1CBC-4F59-9865-F1A6998F6A33}.Debug|Any CPU.Build.0 = Debug|Any CPU
		{ADAF859D-1CBC-4F59-9865-F1A6998F6A33}.Release|Any CPU.ActiveCfg = Release|Any CPU
		{ADAF859D-1CBC-4F59-9865-F1A6998F6A33}.Release|Any CPU.Build.0 = Release|Any CPU
		{49C29928-39AA-4A2A-B993-0B24100F0A10}.Debug|Any CPU.ActiveCfg = Debug|Any CPU
		{49C29928-39AA-4A2A-B993-0B24100F0A10}.Debug|Any CPU.Build.0 = Debug|Any CPU
		{49C29928-39AA-4A2A-B993-0B24100F0A10}.Release|Any CPU.ActiveCfg = Release|Any CPU
		{49C29928-39AA-4A2A-B993-0B24100F0A10}.Release|Any CPU.Build.0 = Release|Any CPU
	EndGlobalSection
	GlobalSection(SolutionProperties) = preSolution
		HideSolutionNode = FALSE
	EndGlobalSection
	GlobalSection(ExtensibilityGlobals) = postSolution
		SolutionGuid = {EBFBA1F8-8CCD-4314-830B-7E5B2C1C0C10}
	EndGlobalSection
EndGlobal
